// !$*UTF8*$!
{
	archiveVersion = 1;
	classes = {
	};
	objectVersion = 46;
	objects = {

/* Begin PBXBuildFile section */
		EDDE247C148F70F500119FCC /* UIKit.framework in Frameworks */ = {isa = PBXBuildFile; fileRef = EDDE247B148F70F500119FCC /* UIKit.framework */; };
		EDDE247E148F70F500119FCC /* Foundation.framework in Frameworks */ = {isa = PBXBuildFile; fileRef = EDDE247D148F70F500119FCC /* Foundation.framework */; };
		EDDE2480148F70F500119FCC /* CoreGraphics.framework in Frameworks */ = {isa = PBXBuildFile; fileRef = EDDE247F148F70F500119FCC /* CoreGraphics.framework */; };
		EDDE2486148F70F500119FCC /* InfoPlist.strings in Resources */ = {isa = PBXBuildFile; fileRef = EDDE2484148F70F500119FCC /* InfoPlist.strings */; };
		EDDE2488148F70F500119FCC /* main.m in Sources */ = {isa = PBXBuildFile; fileRef = EDDE2487148F70F500119FCC /* main.m */; };
		EDDE248C148F70F500119FCC /* AppDelegate.m in Sources */ = {isa = PBXBuildFile; fileRef = EDDE248B148F70F500119FCC /* AppDelegate.m */; };
		EDDE248F148F70F500119FCC /* ViewController.m in Sources */ = {isa = PBXBuildFile; fileRef = EDDE248E148F70F500119FCC /* ViewController.m */; };
		EDDE2492148F70F500119FCC /* ViewController.xib in Resources */ = {isa = PBXBuildFile; fileRef = EDDE2490148F70F500119FCC /* ViewController.xib */; };
		EDDE24A6148F726900119FCC /* NSObject+SBJSON.m in Sources */ = {isa = PBXBuildFile; fileRef = EDDE249B148F726900119FCC /* NSObject+SBJSON.m */; };
		EDDE24A7148F726900119FCC /* NSString+SBJSON.m in Sources */ = {isa = PBXBuildFile; fileRef = EDDE249D148F726900119FCC /* NSString+SBJSON.m */; };
		EDDE24A8148F726900119FCC /* SBJSON.m in Sources */ = {isa = PBXBuildFile; fileRef = EDDE249F148F726900119FCC /* SBJSON.m */; };
		EDDE24A9148F726900119FCC /* SBJsonBase.m in Sources */ = {isa = PBXBuildFile; fileRef = EDDE24A1148F726900119FCC /* SBJsonBase.m */; };
		EDDE24AA148F726900119FCC /* SBJsonParser.m in Sources */ = {isa = PBXBuildFile; fileRef = EDDE24A3148F726900119FCC /* SBJsonParser.m */; };
		EDDE24AB148F726900119FCC /* SBJsonWriter.m in Sources */ = {isa = PBXBuildFile; fileRef = EDDE24A5148F726900119FCC /* SBJsonWriter.m */; };
		EDEEA1FB14EF632200EAEA5D /* Base64.m in Sources */ = {isa = PBXBuildFile; fileRef = EDEEA1FA14EF632200EAEA5D /* Base64.m */; };
/* End PBXBuildFile section */

/* Begin PBXFileReference section */
		EDDE2477148F70F500119FCC /* WebServiceExample_JSON.app */ = {isa = PBXFileReference; explicitFileType = wrapper.application; includeInIndex = 0; path = WebServiceExample_JSON.app; sourceTree = BUILT_PRODUCTS_DIR; };
		EDDE247B148F70F500119FCC /* UIKit.framework */ = {isa = PBXFileReference; lastKnownFileType = wrapper.framework; name = UIKit.framework; path = System/Library/Frameworks/UIKit.framework; sourceTree = SDKROOT; };
		EDDE247D148F70F500119FCC /* Foundation.framework */ = {isa = PBXFileReference; lastKnownFileType = wrapper.framework; name = Foundation.framework; path = System/Library/Frameworks/Foundation.framework; sourceTree = SDKROOT; };
		EDDE247F148F70F500119FCC /* CoreGraphics.framework */ = {isa = PBXFileReference; lastKnownFileType = wrapper.framework; name = CoreGraphics.framework; path = System/Library/Frameworks/CoreGraphics.framework; sourceTree = SDKROOT; };
		EDDE2483148F70F500119FCC /* WebServiceExample_JSON-Info.plist */ = {isa = PBXFileReference; lastKnownFileType = text.plist.xml; path = "WebServiceExample_JSON-Info.plist"; sourceTree = "<group>"; };
		EDDE2485148F70F500119FCC /* en */ = {isa = PBXFileReference; lastKnownFileType = text.plist.strings; name = en; path = en.lproj/InfoPlist.strings; sourceTree = "<group>"; };
		EDDE2487148F70F500119FCC /* main.m */ = {isa = PBXFileReference; lastKnownFileType = sourcecode.c.objc; path = main.m; sourceTree = "<group>"; };
		EDDE2489148F70F500119FCC /* WebServiceExample_JSON-Prefix.pch */ = {isa = PBXFileReference; lastKnownFileType = sourcecode.c.h; path = "WebServiceExample_JSON-Prefix.pch"; sourceTree = "<group>"; };
		EDDE248A148F70F500119FCC /* AppDelegate.h */ = {isa = PBXFileReference; lastKnownFileType = sourcecode.c.h; path = AppDelegate.h; sourceTree = "<group>"; };
		EDDE248B148F70F500119FCC /* AppDelegate.m */ = {isa = PBXFileReference; lastKnownFileType = sourcecode.c.objc; path = AppDelegate.m; sourceTree = "<group>"; };
		EDDE248D148F70F500119FCC /* ViewController.h */ = {isa = PBXFileReference; lastKnownFileType = sourcecode.c.h; path = ViewController.h; sourceTree = "<group>"; };
		EDDE248E148F70F500119FCC /* ViewController.m */ = {isa = PBXFileReference; lastKnownFileType = sourcecode.c.objc; path = ViewController.m; sourceTree = "<group>"; };
		EDDE2491148F70F500119FCC /* en */ = {isa = PBXFileReference; lastKnownFileType = file.xib; name = en; path = en.lproj/ViewController.xib; sourceTree = "<group>"; };
		EDDE2499148F726900119FCC /* JSON.h */ = {isa = PBXFileReference; fileEncoding = 4; lastKnownFileType = sourcecode.c.h; path = JSON.h; sourceTree = "<group>"; };
		EDDE249A148F726900119FCC /* NSObject+SBJSON.h */ = {isa = PBXFileReference; fileEncoding = 4; lastKnownFileType = sourcecode.c.h; path = "NSObject+SBJSON.h"; sourceTree = "<group>"; };
		EDDE249B148F726900119FCC /* NSObject+SBJSON.m */ = {isa = PBXFileReference; fileEncoding = 4; lastKnownFileType = sourcecode.c.objc; path = "NSObject+SBJSON.m"; sourceTree = "<group>"; };
		EDDE249C148F726900119FCC /* NSString+SBJSON.h */ = {isa = PBXFileReference; fileEncoding = 4; lastKnownFileType = sourcecode.c.h; path = "NSString+SBJSON.h"; sourceTree = "<group>"; };
		EDDE249D148F726900119FCC /* NSString+SBJSON.m */ = {isa = PBXFileReference; fileEncoding = 4; lastKnownFileType = sourcecode.c.objc; path = "NSString+SBJSON.m"; sourceTree = "<group>"; };
		EDDE249E148F726900119FCC /* SBJSON.h */ = {isa = PBXFileReference; fileEncoding = 4; lastKnownFileType = sourcecode.c.h; path = SBJSON.h; sourceTree = "<group>"; };
		EDDE249F148F726900119FCC /* SBJSON.m */ = {isa = PBXFileReference; fileEncoding = 4; lastKnownFileType = sourcecode.c.objc; path = SBJSON.m; sourceTree = "<group>"; };
		EDDE24A0148F726900119FCC /* SBJsonBase.h */ = {isa = PBXFileReference; fileEncoding = 4; lastKnownFileType = sourcecode.c.h; path = SBJsonBase.h; sourceTree = "<group>"; };
		EDDE24A1148F726900119FCC /* SBJsonBase.m */ = {isa = PBXFileReference; fileEncoding = 4; lastKnownFileType = sourcecode.c.objc; path = SBJsonBase.m; sourceTree = "<group>"; };
		EDDE24A2148F726900119FCC /* SBJsonParser.h */ = {isa = PBXFileReference; fileEncoding = 4; lastKnownFileType = sourcecode.c.h; path = SBJsonParser.h; sourceTree = "<group>"; };
		EDDE24A3148F726900119FCC /* SBJsonParser.m */ = {isa = PBXFileReference; fileEncoding = 4; lastKnownFileType = sourcecode.c.objc; path = SBJsonParser.m; sourceTree = "<group>"; };
		EDDE24A4148F726900119FCC /* SBJsonWriter.h */ = {isa = PBXFileReference; fileEncoding = 4; lastKnownFileType = sourcecode.c.h; path = SBJsonWriter.h; sourceTree = "<group>"; };
		EDDE24A5148F726900119FCC /* SBJsonWriter.m */ = {isa = PBXFileReference; fileEncoding = 4; lastKnownFileType = sourcecode.c.objc; path = SBJsonWriter.m; sourceTree = "<group>"; };
		EDEEA1F914EF632200EAEA5D /* Base64.h */ = {isa = PBXFileReference; fileEncoding = 4; lastKnownFileType = sourcecode.c.h; path = Base64.h; sourceTree = "<group>"; };
		EDEEA1FA14EF632200EAEA5D /* Base64.m */ = {isa = PBXFileReference; fileEncoding = 4; lastKnownFileType = sourcecode.c.objc; path = Base64.m; sourceTree = "<group>"; };
/* End PBXFileReference section */

/* Begin PBXFrameworksBuildPhase section */
		EDDE2474148F70F500119FCC /* Frameworks */ = {
			isa = PBXFrameworksBuildPhase;
			buildActionMask = 2147483647;
			files = (
				EDDE247C148F70F500119FCC /* UIKit.framework in Frameworks */,
				EDDE247E148F70F500119FCC /* Foundation.framework in Frameworks */,
				EDDE2480148F70F500119FCC /* CoreGraphics.framework in Frameworks */,
			);
			runOnlyForDeploymentPostprocessing = 0;
		};
/* End PBXFrameworksBuildPhase section */

/* Begin PBXGroup section */
		EDDE246C148F70F500119FCC = {
			isa = PBXGroup;
			children = (
				EDDE2498148F726900119FCC /* JSON */,
				EDDE2481148F70F500119FCC /* WebServiceExample_JSON */,
				EDDE247A148F70F500119FCC /* Frameworks */,
				EDDE2478148F70F500119FCC /* Products */,
			);
			sourceTree = "<group>";
		};
		EDDE2478148F70F500119FCC /* Products */ = {
			isa = PBXGroup;
			children = (
				EDDE2477148F70F500119FCC /* WebServiceExample_JSON.app */,
			);
			name = Products;
			sourceTree = "<group>";
		};
		EDDE247A148F70F500119FCC /* Frameworks */ = {
			isa = PBXGroup;
			children = (
				EDDE247B148F70F500119FCC /* UIKit.framework */,
				EDDE247D148F70F500119FCC /* Foundation.framework */,
				EDDE247F148F70F500119FCC /* CoreGraphics.framework */,
			);
			name = Frameworks;
			sourceTree = "<group>";
		};
		EDDE2481148F70F500119FCC /* WebServiceExample_JSON */ = {
			isa = PBXGroup;
			children = (
				EDEEA1F814EF632200EAEA5D /* Base64Classes */,
				EDDE248A148F70F500119FCC /* AppDelegate.h */,
				EDDE248B148F70F500119FCC /* AppDelegate.m */,
				EDDE248D148F70F500119FCC /* ViewController.h */,
				EDDE248E148F70F500119FCC /* ViewController.m */,
				EDDE2490148F70F500119FCC /* ViewController.xib */,
				EDDE2482148F70F500119FCC /* Supporting Files */,
			);
			path = WebServiceExample_JSON;
			sourceTree = "<group>";
		};
		EDDE2482148F70F500119FCC /* Supporting Files */ = {
			isa = PBXGroup;
			children = (
				EDDE2483148F70F500119FCC /* WebServiceExample_JSON-Info.plist */,
				EDDE2484148F70F500119FCC /* InfoPlist.strings */,
				EDDE2487148F70F500119FCC /* main.m */,
				EDDE2489148F70F500119FCC /* WebServiceExample_JSON-Prefix.pch */,
			);
			name = "Supporting Files";
			sourceTree = "<group>";
		};
		EDDE2498148F726900119FCC /* JSON */ = {
			isa = PBXGroup;
			children = (
				EDDE2499148F726900119FCC /* JSON.h */,
				EDDE249A148F726900119FCC /* NSObject+SBJSON.h */,
				EDDE249B148F726900119FCC /* NSObject+SBJSON.m */,
				EDDE249C148F726900119FCC /* NSString+SBJSON.h */,
				EDDE249D148F726900119FCC /* NSString+SBJSON.m */,
				EDDE249E148F726900119FCC /* SBJSON.h */,
				EDDE249F148F726900119FCC /* SBJSON.m */,
				EDDE24A0148F726900119FCC /* SBJsonBase.h */,
				EDDE24A1148F726900119FCC /* SBJsonBase.m */,
				EDDE24A2148F726900119FCC /* SBJsonParser.h */,
				EDDE24A3148F726900119FCC /* SBJsonParser.m */,
				EDDE24A4148F726900119FCC /* SBJsonWriter.h */,
				EDDE24A5148F726900119FCC /* SBJsonWriter.m */,
			);
			path = JSON;
			sourceTree = "<group>";
		};
		EDEEA1F814EF632200EAEA5D /* Base64Classes */ = {
			isa = PBXGroup;
			children = (
				EDEEA1F914EF632200EAEA5D /* Base64.h */,
				EDEEA1FA14EF632200EAEA5D /* Base64.m */,
			);
			path = Base64Classes;
			sourceTree = "<group>";
		};
/* End PBXGroup section */

/* Begin PBXNativeTarget section */
		EDDE2476148F70F500119FCC /* WebServiceExample_JSON */ = {
			isa = PBXNativeTarget;
			buildConfigurationList = EDDE2495148F70F500119FCC /* Build configuration list for PBXNativeTarget "WebServiceExample_JSON" */;
			buildPhases = (
				EDDE2473148F70F500119FCC /* Sources */,
				EDDE2474148F70F500119FCC /* Frameworks */,
				EDDE2475148F70F500119FCC /* Resources */,
			);
			buildRules = (
			);
			dependencies = (
			);
			name = WebServiceExample_JSON;
			productName = WebServiceExample_JSON;
			productReference = EDDE2477148F70F500119FCC /* WebServiceExample_JSON.app */;
			productType = "com.apple.product-type.application";
		};
/* End PBXNativeTarget section */

/* Begin PBXProject section */
		EDDE246E148F70F500119FCC /* Project object */ = {
			isa = PBXProject;
			attributes = {
				LastUpgradeCheck = 0420;
			};
			buildConfigurationList = EDDE2471148F70F500119FCC /* Build configuration list for PBXProject "WebServiceExample_JSON" */;
			compatibilityVersion = "Xcode 3.2";
			developmentRegion = English;
			hasScannedForEncodings = 0;
			knownRegions = (
				en,
			);
			mainGroup = EDDE246C148F70F500119FCC;
			productRefGroup = EDDE2478148F70F500119FCC /* Products */;
			projectDirPath = "";
			projectRoot = "";
			targets = (
				EDDE2476148F70F500119FCC /* WebServiceExample_JSON */,
			);
		};
/* End PBXProject section */

/* Begin PBXResourcesBuildPhase section */
		EDDE2475148F70F500119FCC /* Resources */ = {
			isa = PBXResourcesBuildPhase;
			buildActionMask = 2147483647;
			files = (
				EDDE2486148F70F500119FCC /* InfoPlist.strings in Resources */,
				EDDE2492148F70F500119FCC /* ViewController.xib in Resources */,
			);
			runOnlyForDeploymentPostprocessing = 0;
		};
/* End PBXResourcesBuildPhase section */

/* Begin PBXSourcesBuildPhase section */
		EDDE2473148F70F500119FCC /* Sources */ = {
			isa = PBXSourcesBuildPhase;
			buildActionMask = 2147483647;
			files = (
				EDDE2488148F70F500119FCC /* main.m in Sources */,
				EDDE248C148F70F500119FCC /* AppDelegate.m in Sources */,
				EDDE248F148F70F500119FCC /* ViewController.m in Sources */,
				EDDE24A6148F726900119FCC /* NSObject+SBJSON.m in Sources */,
				EDDE24A7148F726900119FCC /* NSString+SBJSON.m in Sources */,
				EDDE24A8148F726900119FCC /* SBJSON.m in Sources */,
				EDDE24A9148F726900119FCC /* SBJsonBase.m in Sources */,
				EDDE24AA148F726900119FCC /* SBJsonParser.m in Sources */,
				EDDE24AB148F726900119FCC /* SBJsonWriter.m in Sources */,
				EDEEA1FB14EF632200EAEA5D /* Base64.m in Sources */,
			);
			runOnlyForDeploymentPostprocessing = 0;
		};
/* End PBXSourcesBuildPhase section */

/* Begin PBXVariantGroup section */
		EDDE2484148F70F500119FCC /* InfoPlist.strings */ = {
			isa = PBXVariantGroup;
			children = (
				EDDE2485148F70F500119FCC /* en */,
			);
			name = InfoPlist.strings;
			sourceTree = "<group>";
		};
		EDDE2490148F70F500119FCC /* ViewController.xib */ = {
			isa = PBXVariantGroup;
			children = (
				EDDE2491148F70F500119FCC /* en */,
			);
			name = ViewController.xib;
			sourceTree = "<group>";
		};
/* End PBXVariantGroup section */

/* Begin XCBuildConfiguration section */
		EDDE2493148F70F500119FCC /* Debug */ = {
			isa = XCBuildConfiguration;
			buildSettings = {
				ALWAYS_SEARCH_USER_PATHS = NO;
				ARCHS = "$(ARCHS_STANDARD_32_BIT)";
				"CODE_SIGN_IDENTITY[sdk=iphoneos*]" = "iPhone Developer";
				COPY_PHASE_STRIP = NO;
				GCC_C_LANGUAGE_STANDARD = gnu99;
				GCC_DYNAMIC_NO_PIC = NO;
				GCC_OPTIMIZATION_LEVEL = 0;
				GCC_PREPROCESSOR_DEFINITIONS = (
					"DEBUG=1",
					"$(inherited)",
				);
				GCC_SYMBOLS_PRIVATE_EXTERN = NO;
				GCC_VERSION = com.apple.compilers.llvm.clang.1_0;
				GCC_WARN_ABOUT_MISSING_PROTOTYPES = YES;
				GCC_WARN_ABOUT_RETURN_TYPE = YES;
				GCC_WARN_UNUSED_VARIABLE = YES;
				IPHONEOS_DEPLOYMENT_TARGET = 5.0;
				SDKROOT = iphoneos;
			};
			name = Debug;
		};
		EDDE2494148F70F500119FCC /* Release */ = {
			isa = XCBuildConfiguration;
			buildSettings = {
				ALWAYS_SEARCH_USER_PATHS = NO;
				ARCHS = "$(ARCHS_STANDARD_32_BIT)";
				"CODE_SIGN_IDENTITY[sdk=iphoneos*]" = "iPhone Developer";
				COPY_PHASE_STRIP = YES;
				GCC_C_LANGUAGE_STANDARD = gnu99;
				GCC_VERSION = com.apple.compilers.llvm.clang.1_0;
				GCC_WARN_ABOUT_MISSING_PROTOTYPES = YES;
				GCC_WARN_ABOUT_RETURN_TYPE = YES;
				GCC_WARN_UNUSED_VARIABLE = YES;
				IPHONEOS_DEPLOYMENT_TARGET = 5.0;
				OTHER_CFLAGS = "-DNS_BLOCK_ASSERTIONS=1";
				SDKROOT = iphoneos;
				VALIDATE_PRODUCT = YES;
			};
			name = Release;
		};
		EDDE2496148F70F500119FCC /* Debug */ = {
			isa = XCBuildConfiguration;
			buildSettings = {
				GCC_PRECOMPILE_PREFIX_HEADER = YES;
				GCC_PREFIX_HEADER = "WebServiceExample_JSON/WebServiceExample_JSON-Prefix.pch";
				INFOPLIST_FILE = "WebServiceExample_JSON/WebServiceExample_JSON-Info.plist";
				PRODUCT_NAME = "$(TARGET_NAME)";
				WRAPPER_EXTENSION = app;
			};
			name = Debug;
		};
		EDDE2497148F70F500119FCC /* Release */ = {
			isa = XCBuildConfiguration;
			buildSettings = {
				GCC_PRECOMPILE_PREFIX_HEADER = YES;
				GCC_PREFIX_HEADER = "WebServiceExample_JSON/WebServiceExample_JSON-Prefix.pch";
				INFOPLIST_FILE = "WebServiceExample_JSON/WebServiceExample_JSON-Info.plist";
				PRODUCT_NAME = "$(TARGET_NAME)";
				WRAPPER_EXTENSION = app;
			};
			name = Release;
		};
/* End XCBuildConfiguration section */

/* Begin XCConfigurationList section */
		EDDE2471148F70F500119FCC /* Build configuration list for PBXProject "WebServiceExample_JSON" */ = {
			isa = XCConfigurationList;
			buildConfigurations = (
				EDDE2493148F70F500119FCC /* Debug */,
				EDDE2494148F70F500119FCC /* Release */,
			);
			defaultConfigurationIsVisible = 0;
			defaultConfigurationName = Release;
		};
		EDDE2495148F70F500119FCC /* Build configuration list for PBXNativeTarget "WebServiceExample_JSON" */ = {
			isa = XCConfigurationList;
			buildConfigurations = (
				EDDE2496148F70F500119FCC /* Debug */,
				EDDE2497148F70F500119FCC /* Release */,
			);
			defaultConfigurationIsVisible = 0;
			defaultConfigurationName = Release;
		};
/* End XCConfigurationList section */
	};
	rootObject = EDDE246E148F70F500119FCC /* Project object */;
}
